
Microsoft Visual Studio Solution File, Format Version 12.00
# Visual Studio 15
VisualStudioVersion = 15.0.28307.645
MinimumVisualStudioVersion = 10.0.40219.1
Project("{FAE04EC0-301F-11D3-BF4B-00C04F79EFBC}") = "EnglishTesting", "EnglishTesting\EnglishTesting.csproj", "{4369B0E6-34C6-41C8-9371-F04D740EE6EF}"
EndProject
Global
	GlobalSection(SolutionConfigurationPlatforms) = preSolution
		Debug|Any CPU = Debug|Any CPU
		Release|Any CPU = Release|Any CPU
	EndGlobalSection
	GlobalSection(ProjectConfigurationPlatforms) = postSolution
		{4369B0E6-34C6-41C8-9371-F04D740EE6EF}.Debug|Any CPU.ActiveCfg = Debug|Any CPU
		{4369B0E6-34C6-41C8-9371-F04D740EE6EF}.Debug|Any CPU.Build.0 = Debug|Any CPU
		{4369B0E6-34C6-41C8-9371-F04D740EE6EF}.Release|Any CPU.ActiveCfg = Release|Any CPU
		{4369B0E6-34C6-41C8-9371-F04D740EE6EF}.Release|Any CPU.Build.0 = Release|Any CPU
	EndGlobalSection
	GlobalSection(SolutionProperties) = preSolution
		HideSolutionNode = FALSE
	EndGlobalSection
	GlobalSection(ExtensibilityGlobals) = postSolution
		SolutionGuid = {E1809867-25E3-4BC0-8E2E-E8628F40435D}
	EndGlobalSection
EndGlobal
